
Microsoft Visual Studio Solution File, Format Version 12.00
# Visual Studio Version 16
VisualStudioVersion = 16.0.31515.178
MinimumVisualStudioVersion = 10.0.40219.1
Project("{FAE04EC0-301F-11D3-BF4B-00C04F79EFBC}") = "fibonacci", "fibonacci\fibonacci.csproj", "{E81E71E4-CEC8-4C80-B2BD-5A3270779FCA}"
EndProject
Global
	GlobalSection(SolutionConfigurationPlatforms) = preSolution
		Debug|Any CPU = Debug|Any CPU
		Release|Any CPU = Release|Any CPU
	EndGlobalSection
	GlobalSection(ProjectConfigurationPlatforms) = postSolution
		{E81E71E4-CEC8-4C80-B2BD-5A3270779FCA}.Debug|Any CPU.ActiveCfg = Debug|Any CPU
		{E81E71E4-CEC8-4C80-B2BD-5A3270779FCA}.Debug|Any CPU.Build.0 = Debug|Any CPU
		{E81E71E4-CEC8-4C80-B2BD-5A3270779FCA}.Release|Any CPU.ActiveCfg = Release|Any CPU
		{E81E71E4-CEC8-4C80-B2BD-5A3270779FCA}.Release|Any CPU.Build.0 = Release|Any CPU
	EndGlobalSection
	GlobalSection(SolutionProperties) = preSolution
		HideSolutionNode = FALSE
	EndGlobalSection
	GlobalSection(ExtensibilityGlobals) = postSolution
		SolutionGuid = {FB6CC9AE-D7C5-4FAC-8A8A-1023A9B61284}
	EndGlobalSection
EndGlobal
