
Microsoft Visual Studio Solution File, Format Version 12.00
# Visual Studio Version 16
VisualStudioVersion = 16.0.31515.178
MinimumVisualStudioVersion = 10.0.40219.1
Project("{FAE04EC0-301F-11D3-BF4B-00C04F79EFBC}") = "Stopwatchproblem", "Stopwatchproblem\Stopwatchproblem.csproj", "{D9674FA5-6446-45BD-ACFE-E6A98135EE66}"
EndProject
Global
	GlobalSection(SolutionConfigurationPlatforms) = preSolution
		Debug|Any CPU = Debug|Any CPU
		Release|Any CPU = Release|Any CPU
	EndGlobalSection
	GlobalSection(ProjectConfigurationPlatforms) = postSolution
		{D9674FA5-6446-45BD-ACFE-E6A98135EE66}.Debug|Any CPU.ActiveCfg = Debug|Any CPU
		{D9674FA5-6446-45BD-ACFE-E6A98135EE66}.Debug|Any CPU.Build.0 = Debug|Any CPU
		{D9674FA5-6446-45BD-ACFE-E6A98135EE66}.Release|Any CPU.ActiveCfg = Release|Any CPU
		{D9674FA5-6446-45BD-ACFE-E6A98135EE66}.Release|Any CPU.Build.0 = Release|Any CPU
	EndGlobalSection
	GlobalSection(SolutionProperties) = preSolution
		HideSolutionNode = FALSE
	EndGlobalSection
	GlobalSection(ExtensibilityGlobals) = postSolution
		SolutionGuid = {1CF49A47-B5B0-4F83-8807-5F86D66732A5}
	EndGlobalSection
EndGlobal
